
Microsoft Visual Studio Solution File, Format Version 12.00
# Visual Studio Version 17
VisualStudioVersion = 17.3.32819.101
MinimumVisualStudioVersion = 10.0.40219.1
Project("{FAE04EC0-301F-11D3-BF4B-00C04F79EFBC}") = "BlazorWebAssembly", "BlazorWebAssembly.csproj", "{9756454E-7EFA-4A72-956F-B076BE15E748}"
EndProject
Global
	GlobalSection(SolutionConfigurationPlatforms) = preSolution
		Debug|Any CPU = Debug|Any CPU
		Release|Any CPU = Release|Any CPU
	EndGlobalSection
	GlobalSection(ProjectConfigurationPlatforms) = postSolution
		{9756454E-7EFA-4A72-956F-B076BE15E748}.Debug|Any CPU.ActiveCfg = Debug|Any CPU
		{9756454E-7EFA-4A72-956F-B076BE15E748}.Debug|Any CPU.Build.0 = Debug|Any CPU
		{9756454E-7EFA-4A72-956F-B076BE15E748}.Release|Any CPU.ActiveCfg = Release|Any CPU
		{9756454E-7EFA-4A72-956F-B076BE15E748}.Release|Any CPU.Build.0 = Release|Any CPU
	EndGlobalSection
	GlobalSection(SolutionProperties) = preSolution
		HideSolutionNode = FALSE
	EndGlobalSection
	GlobalSection(ExtensibilityGlobals) = postSolution
		SolutionGuid = {B3F507B7-FD57-4BC3-923C-ADFD0EE9F498}
	EndGlobalSection
EndGlobal
